
Microsoft Visual Studio Solution File, Format Version 12.00
# Visual Studio Version 16
VisualStudioVersion = 16.0.31019.194
MinimumVisualStudioVersion = 10.0.40219.1
Project("{FAE04EC0-301F-11D3-BF4B-00C04F79EFBC}") = "standvirtual.com scraper", "standvirtual.com scraper\standvirtual.com scraper.csproj", "{BF647D3E-3B28-4413-9421-E19405591D43}"
EndProject
Global
	GlobalSection(SolutionConfigurationPlatforms) = preSolution
		Debug|Any CPU = Debug|Any CPU
		Release|Any CPU = Release|Any CPU
	EndGlobalSection
	GlobalSection(ProjectConfigurationPlatforms) = postSolution
		{BF647D3E-3B28-4413-9421-E19405591D43}.Debug|Any CPU.ActiveCfg = Debug|Any CPU
		{BF647D3E-3B28-4413-9421-E19405591D43}.Debug|Any CPU.Build.0 = Debug|Any CPU
		{BF647D3E-3B28-4413-9421-E19405591D43}.Release|Any CPU.ActiveCfg = Release|Any CPU
		{BF647D3E-3B28-4413-9421-E19405591D43}.Release|Any CPU.Build.0 = Release|Any CPU
	EndGlobalSection
	GlobalSection(SolutionProperties) = preSolution
		HideSolutionNode = FALSE
	EndGlobalSection
	GlobalSection(ExtensibilityGlobals) = postSolution
		SolutionGuid = {6E8B7F27-51D3-43E7-B989-0D855F15B8BE}
	EndGlobalSection
EndGlobal
